
Microsoft Visual Studio Solution File, Format Version 12.00
# Visual Studio Version 17
VisualStudioVersion = 17.5.33424.131
MinimumVisualStudioVersion = 10.0.40219.1
Project("{8BC9CEB8-8B4A-11D0-8D11-00A0C91BC942}") = "ModisettMScProject", "src\ModisettMScProject.vcxproj", "{4CD37AEF-6FE1-4EF2-A9A0-4F0871C010FD}"
	ProjectSection(ProjectDependencies) = postProject
		{4B0D283B-0715-4C09-8A38-66D7C6DD93E2} = {4B0D283B-0715-4C09-8A38-66D7C6DD93E2}
		{5BBBB63D-895D-422B-880C-AF9381C9E509} = {5BBBB63D-895D-422B-880C-AF9381C9E509}
		{797AAAFF-7F5A-4873-97AB-AC01FB822FC4} = {797AAAFF-7F5A-4873-97AB-AC01FB822FC4}
		{798EB494-E218-4365-B58E-D206D0A21749} = {798EB494-E218-4365-B58E-D206D0A21749}
		{7CDA9F97-FB6F-4495-B174-BDBE85787FB0} = {7CDA9F97-FB6F-4495-B174-BDBE85787FB0}
		{BE59F6CC-439B-4E2E-93F5-7D34B2EBAD4A} = {BE59F6CC-439B-4E2E-93F5-7D34B2EBAD4A}
		{CDE2DA93-EC54-4B77-A8D5-E001CE6FA7E0} = {CDE2DA93-EC54-4B77-A8D5-E001CE6FA7E0}
	EndProjectSection
EndProject
Project("{8BC9CEB8-8B4A-11D0-8D11-00A0C91BC942}") = "ext_glfw", "ext\ext_glfw.vcxproj", "{5BBBB63D-895D-422B-880C-AF9381C9E509}"
	ProjectSection(ProjectDependencies) = postProject
		{4B0D283B-0715-4C09-8A38-66D7C6DD93E2} = {4B0D283B-0715-4C09-8A38-66D7C6DD93E2}
		{797AAAFF-7F5A-4873-97AB-AC01FB822FC4} = {797AAAFF-7F5A-4873-97AB-AC01FB822FC4}
	EndProjectSection
EndProject
Project("{8BC9CEB8-8B4A-11D0-8D11-00A0C91BC942}") = "ext_glm", "ext\ext_glm.vcxproj", "{CDE2DA93-EC54-4B77-A8D5-E001CE6FA7E0}"
EndProject
Project("{8BC9CEB8-8B4A-11D0-8D11-00A0C91BC942}") = "ext_stb", "ext\ext_stb.vcxproj", "{798EB494-E218-4365-B58E-D206D0A21749}"
EndProject
Project("{8BC9CEB8-8B4A-11D0-8D11-00A0C91BC942}") = "ext_volk", "ext\ext_volk.vcxproj", "{4B0D283B-0715-4C09-8A38-66D7C6DD93E2}"
EndProject
Project("{8BC9CEB8-8B4A-11D0-8D11-00A0C91BC942}") = "ext_vma", "ext\ext_vma.vcxproj", "{797AAAFF-7F5A-4873-97AB-AC01FB822FC4}"
EndProject
Project("{8BC9CEB8-8B4A-11D0-8D11-00A0C91BC942}") = "ext_labutils", "ext\ext_labutils.vcxproj", "{7CDA9F97-FB6F-4495-B174-BDBE85787FB0}"
	ProjectSection(ProjectDependencies) = postProject
		{4B0D283B-0715-4C09-8A38-66D7C6DD93E2} = {4B0D283B-0715-4C09-8A38-66D7C6DD93E2}
		{5BBBB63D-895D-422B-880C-AF9381C9E509} = {5BBBB63D-895D-422B-880C-AF9381C9E509}
		{797AAAFF-7F5A-4873-97AB-AC01FB822FC4} = {797AAAFF-7F5A-4873-97AB-AC01FB822FC4}
		{798EB494-E218-4365-B58E-D206D0A21749} = {798EB494-E218-4365-B58E-D206D0A21749}
		{CDE2DA93-EC54-4B77-A8D5-E001CE6FA7E0} = {CDE2DA93-EC54-4B77-A8D5-E001CE6FA7E0}
	EndProjectSection
EndProject
Project("{8BC9CEB8-8B4A-11D0-8D11-00A0C91BC942}") = "ext_tinygltf", "ext\ext_tinygltf.vcxproj", "{BE59F6CC-439B-4E2E-93F5-7D34B2EBAD4A}"
EndProject
Global
	GlobalSection(SolutionConfigurationPlatforms) = preSolution
		Debug|x64 = Debug|x64
		Debug|x86 = Debug|x86
		Release|x64 = Release|x64
		Release|x86 = Release|x86
	EndGlobalSection
	GlobalSection(ProjectConfigurationPlatforms) = postSolution
		{4CD37AEF-6FE1-4EF2-A9A0-4F0871C010FD}.Debug|x64.ActiveCfg = Debug|x64
		{4CD37AEF-6FE1-4EF2-A9A0-4F0871C010FD}.Debug|x64.Build.0 = Debug|x64
		{4CD37AEF-6FE1-4EF2-A9A0-4F0871C010FD}.Debug|x86.ActiveCfg = Debug|Win32
		{4CD37AEF-6FE1-4EF2-A9A0-4F0871C010FD}.Debug|x86.Build.0 = Debug|Win32
		{4CD37AEF-6FE1-4EF2-A9A0-4F0871C010FD}.Release|x64.ActiveCfg = Release|x64
		{4CD37AEF-6FE1-4EF2-A9A0-4F0871C010FD}.Release|x64.Build.0 = Release|x64
		{4CD37AEF-6FE1-4EF2-A9A0-4F0871C010FD}.Release|x86.ActiveCfg = Release|Win32
		{4CD37AEF-6FE1-4EF2-A9A0-4F0871C010FD}.Release|x86.Build.0 = Release|Win32
		{5BBBB63D-895D-422B-880C-AF9381C9E509}.Debug|x64.ActiveCfg = Debug|x64
		{5BBBB63D-895D-422B-880C-AF9381C9E509}.Debug|x64.Build.0 = Debug|x64
		{5BBBB63D-895D-422B-880C-AF9381C9E509}.Debug|x86.ActiveCfg = Debug|Win32
		{5BBBB63D-895D-422B-880C-AF9381C9E509}.Debug|x86.Build.0 = Debug|Win32
		{5BBBB63D-895D-422B-880C-AF9381C9E509}.Release|x64.ActiveCfg = Release|x64
		{5BBBB63D-895D-422B-880C-AF9381C9E509}.Release|x64.Build.0 = Release|x64
		{5BBBB63D-895D-422B-880C-AF9381C9E509}.Release|x86.ActiveCfg = Release|Win32
		{5BBBB63D-895D-422B-880C-AF9381C9E509}.Release|x86.Build.0 = Release|Win32
		{CDE2DA93-EC54-4B77-A8D5-E001CE6FA7E0}.Debug|x64.ActiveCfg = Debug|x64
		{CDE2DA93-EC54-4B77-A8D5-E001CE6FA7E0}.Debug|x64.Build.0 = Debug|x64
		{CDE2DA93-EC54-4B77-A8D5-E001CE6FA7E0}.Debug|x86.ActiveCfg = Debug|Win32
		{CDE2DA93-EC54-4B77-A8D5-E001CE6FA7E0}.Debug|x86.Build.0 = Debug|Win32
		{CDE2DA93-EC54-4B77-A8D5-E001CE6FA7E0}.Release|x64.ActiveCfg = Release|x64
		{CDE2DA93-EC54-4B77-A8D5-E001CE6FA7E0}.Release|x64.Build.0 = Release|x64
		{CDE2DA93-EC54-4B77-A8D5-E001CE6FA7E0}.Release|x86.ActiveCfg = Release|Win32
		{CDE2DA93-EC54-4B77-A8D5-E001CE6FA7E0}.Release|x86.Build.0 = Release|Win32
		{798EB494-E218-4365-B58E-D206D0A21749}.Debug|x64.ActiveCfg = Debug|x64
		{798EB494-E218-4365-B58E-D206D0A21749}.Debug|x64.Build.0 = Debug|x64
		{798EB494-E218-4365-B58E-D206D0A21749}.Debug|x86.ActiveCfg = Debug|Win32
		{798EB494-E218-4365-B58E-D206D0A21749}.Debug|x86.Build.0 = Debug|Win32
		{798EB494-E218-4365-B58E-D206D0A21749}.Release|x64.ActiveCfg = Release|x64
		{798EB494-E218-4365-B58E-D206D0A21749}.Release|x64.Build.0 = Release|x64
		{798EB494-E218-4365-B58E-D206D0A21749}.Release|x86.ActiveCfg = Release|Win32
		{798EB494-E218-4365-B58E-D206D0A21749}.Release|x86.Build.0 = Release|Win32
		{4B0D283B-0715-4C09-8A38-66D7C6DD93E2}.Debug|x64.ActiveCfg = Debug|x64
		{4B0D283B-0715-4C09-8A38-66D7C6DD93E2}.Debug|x64.Build.0 = Debug|x64
		{4B0D283B-0715-4C09-8A38-66D7C6DD93E2}.Debug|x86.ActiveCfg = Debug|Win32
		{4B0D283B-0715-4C09-8A38-66D7C6DD93E2}.Debug|x86.Build.0 = Debug|Win32
		{4B0D283B-0715-4C09-8A38-66D7C6DD93E2}.Release|x64.ActiveCfg = Release|x64
		{4B0D283B-0715-4C09-8A38-66D7C6DD93E2}.Release|x64.Build.0 = Release|x64
		{4B0D283B-0715-4C09-8A38-66D7C6DD93E2}.Release|x86.ActiveCfg = Release|Win32
		{4B0D283B-0715-4C09-8A38-66D7C6DD93E2}.Release|x86.Build.0 = Release|Win32
		{797AAAFF-7F5A-4873-97AB-AC01FB822FC4}.Debug|x64.ActiveCfg = Debug|x64
		{797AAAFF-7F5A-4873-97AB-AC01FB822FC4}.Debug|x64.Build.0 = Debug|x64
		{797AAAFF-7F5A-4873-97AB-AC01FB822FC4}.Debug|x86.ActiveCfg = Debug|Win32
		{797AAAFF-7F5A-4873-97AB-AC01FB822FC4}.Debug|x86.Build.0 = Debug|Win32
		{797AAAFF-7F5A-4873-97AB-AC01FB822FC4}.Release|x64.ActiveCfg = Release|x64
		{797AAAFF-7F5A-4873-97AB-AC01FB822FC4}.Release|x64.Build.0 = Release|x64
		{797AAAFF-7F5A-4873-97AB-AC01FB822FC4}.Release|x86.ActiveCfg = Release|Win32
		{797AAAFF-7F5A-4873-97AB-AC01FB822FC4}.Release|x86.Build.0 = Release|Win32
		{7CDA9F97-FB6F-4495-B174-BDBE85787FB0}.Debug|x64.ActiveCfg = Debug|x64
		{7CDA9F97-FB6F-4495-B174-BDBE85787FB0}.Debug|x64.Build.0 = Debug|x64
		{7CDA9F97-FB6F-4495-B174-BDBE85787FB0}.Debug|x86.ActiveCfg = Debug|Win32
		{7CDA9F97-FB6F-4495-B174-BDBE85787FB0}.Debug|x86.Build.0 = Debug|Win32
		{7CDA9F97-FB6F-4495-B174-BDBE85787FB0}.Release|x64.ActiveCfg = Release|x64
		{7CDA9F97-FB6F-4495-B174-BDBE85787FB0}.Release|x64.Build.0 = Release|x64
		{7CDA9F97-FB6F-4495-B174-BDBE85787FB0}.Release|x86.ActiveCfg = Release|Win32
		{7CDA9F97-FB6F-4495-B174-BDBE85787FB0}.Release|x86.Build.0 = Release|Win32
		{BE59F6CC-439B-4E2E-93F5-7D34B2EBAD4A}.Debug|x64.ActiveCfg = Debug|x64
		{BE59F6CC-439B-4E2E-93F5-7D34B2EBAD4A}.Debug|x64.Build.0 = Debug|x64
		{BE59F6CC-439B-4E2E-93F5-7D34B2EBAD4A}.Debug|x86.ActiveCfg = Debug|Win32
		{BE59F6CC-439B-4E2E-93F5-7D34B2EBAD4A}.Debug|x86.Build.0 = Debug|Win32
		{BE59F6CC-439B-4E2E-93F5-7D34B2EBAD4A}.Release|x64.ActiveCfg = Release|x64
		{BE59F6CC-439B-4E2E-93F5-7D34B2EBAD4A}.Release|x64.Build.0 = Release|x64
		{BE59F6CC-439B-4E2E-93F5-7D34B2EBAD4A}.Release|x86.ActiveCfg = Release|Win32
		{BE59F6CC-439B-4E2E-93F5-7D34B2EBAD4A}.Release|x86.Build.0 = Release|Win32
	EndGlobalSection
	GlobalSection(SolutionProperties) = preSolution
		HideSolutionNode = FALSE
	EndGlobalSection
	GlobalSection(ExtensibilityGlobals) = postSolution
		SolutionGuid = {7038CFBA-2409-44A9-91F2-C94C8F079517}
	EndGlobalSection
EndGlobal
